<?xml version="1.0" encoding="utf-8"?>
<Project ToolsVersion="4.0" xmlns="http://schemas.microsoft.com/developer/msbuild/2003">
  <ItemGroup>
    <Filter Include="Source Files">
      <UniqueIdentifier>{4FC737F1-C7A5-4376-A066-2A32D752A2FF}</UniqueIdentifier>
      <Extensions>cpp;c;cc;cxx;def;odl;idl;hpj;bat;asm;asmx</Extensions>
    </Filter>
    <Filter Include="Header Files">
      <UniqueIdentifier>{93995380-89BD-4b04-88EB-625FBE52EBFB}</UniqueIdentifier>
      <Extensions>h;hh;hpp;hxx;hm;inl;inc;ipp;xsd</Extensions>
    </Filter>
    <Filter Include="Resource Files">
      <UniqueIdentifier>{67DA6AB6-F800-4c08-8B7A-83BB121AAD01}</UniqueIdentifier>
      <Extensions>rc;ico;cur;bmp;dlg;rc2;rct;bin;rgs;gif;jpg;jpeg;jpe;resx;tiff;tif;png;wav;mfcribbon-ms</Extensions>
    </Filter>
    <Filter Include="Renderer">
      <UniqueIdentifier>{854e963b-d1af-4207-b2f5-82fce7adf680}</UniqueIdentifier>
    </Filter>
    <Filter Include="Files">
      <UniqueIdentifier>{d14e9715-3036-4f4a-988d-d90de2fdfb0f}</UniqueIdentifier>
    </Filter>
    <Filter Include="Shaders">
      <UniqueIdentifier>{ac239ef4-6d9a-4ce1-a835-e57cbd3f9ec1}</UniqueIdentifier>
    </Filter>
    <Filter Include="Texture Loader">
      <UniqueIdentifier>{2e926bcd-90bf-4653-9002-1f5d476451b4}</UniqueIdentifier>
    </Filter>
    <Filter Include="Manager">
      <UniqueIdentifier>{18e36093-5b5b-4904-b53a-3f17bded913d}</UniqueIdentifier>
    </Filter>
    <Filter Include="File IO">
      <UniqueIdentifier>{1c8e7d86-85e8-43d7-afe2-53883b738acc}</UniqueIdentifier>
    </Filter>
  </ItemGroup>
  <ItemGroup>
    <ClInclude Include="framework.h">
      <Filter>Header Files</Filter>
    </ClInclude>
    <ClInclude Include="targetver.h">
      <Filter>Header Files</Filter>
    </ClInclude>
    <ClInclude Include="Resource.h">
      <Filter>Header Files</Filter>
    </ClInclude>
    <ClInclude Include="DirectX11.h">
      <Filter>Header Files</Filter>
    </ClInclude>
    <ClInclude Include="DDSTextureLoader\DDSTextureLoader.h">
      <Filter>Texture Loader</Filter>
    </ClInclude>
    <ClInclude Include="WICTextureLoader.h">
      <Filter>Texture Loader</Filter>
    </ClInclude>
    <ClInclude Include="D3D11Manager.h">
      <Filter>Manager</Filter>
    </ClInclude>
    <ClInclude Include="SceneManager.h">
      <Filter>Manager</Filter>
    </ClInclude>
    <ClInclude Include="ShaderManager.h">
      <Filter>Manager</Filter>
    </ClInclude>
    <ClInclude Include="D3D11DebugRenderer.h">
      <Filter>Renderer</Filter>
    </ClInclude>
    <ClInclude Include="D3D11Renderer.h">
      <Filter>Renderer</Filter>
    </ClInclude>
    <ClInclude Include="Renderer.h">
      <Filter>Renderer</Filter>
    </ClInclude>
    <ClInclude Include="Camera.h">
      <Filter>Files</Filter>
    </ClInclude>
    <ClInclude Include="ConstantBuffer.h">
      <Filter>Files</Filter>
    </ClInclude>
    <ClInclude Include="D3D11Resource.h">
      <Filter>Files</Filter>
    </ClInclude>
    <ClInclude Include="Enumerations.h">
      <Filter>Files</Filter>
    </ClInclude>
    <ClInclude Include="Light.h">
      <Filter>Files</Filter>
    </ClInclude>
    <ClInclude Include="Mesh.h">
      <Filter>Files</Filter>
    </ClInclude>
    <ClInclude Include="Model.h">
      <Filter>Files</Filter>
    </ClInclude>
    <ClInclude Include="Vertex.h">
      <Filter>Files</Filter>
    </ClInclude>
    <ClInclude Include="XTime.h">
      <Filter>Files</Filter>
    </ClInclude>
    <ClInclude Include="..\FBXBinary\FBXBinaryFileIO.h">
      <Filter>File IO</Filter>
    </ClInclude>
    <ClInclude Include="..\FBXBinary\FileStructures.h">
      <Filter>File IO</Filter>
    </ClInclude>
  </ItemGroup>
  <ItemGroup>
    <ClCompile Include="DirectX11.cpp">
      <Filter>Source Files</Filter>
    </ClCompile>
    <ClCompile Include="DDSTextureLoader\DDSTextureLoader.cpp">
      <Filter>Texture Loader</Filter>
    </ClCompile>
    <ClCompile Include="WICTextureLoader.cpp">
      <Filter>Texture Loader</Filter>
    </ClCompile>
    <ClCompile Include="D3D11Manager.cpp">
      <Filter>Manager</Filter>
    </ClCompile>
    <ClCompile Include="SceneManager.cpp">
      <Filter>Manager</Filter>
    </ClCompile>
    <ClCompile Include="ShaderManager.cpp">
      <Filter>Manager</Filter>
    </ClCompile>
    <ClCompile Include="D3D11DebugRenderer.cpp">
      <Filter>Renderer</Filter>
    </ClCompile>
    <ClCompile Include="D3D11Renderer.cpp">
      <Filter>Renderer</Filter>
    </ClCompile>
    <ClCompile Include="Camera.cpp">
      <Filter>Files</Filter>
    </ClCompile>
    <ClCompile Include="D3D11Resource.cpp">
      <Filter>Files</Filter>
    </ClCompile>
    <ClCompile Include="Light.cpp">
      <Filter>Files</Filter>
    </ClCompile>
    <ClCompile Include="Model.cpp">
      <Filter>Files</Filter>
    </ClCompile>
    <ClCompile Include="Vertex.cpp">
      <Filter>Files</Filter>
    </ClCompile>
    <ClCompile Include="XTime.cpp">
      <Filter>Files</Filter>
    </ClCompile>
    <ClCompile Include="..\FBXBinary\FBXBinaryFileIO.cpp">
      <Filter>File IO</Filter>
    </ClCompile>
  </ItemGroup>
  <ItemGroup>
    <ResourceCompile Include="DirectX11.rc">
      <Filter>Resource Files</Filter>
    </ResourceCompile>
  </ItemGroup>
  <ItemGroup>
    <Image Include="small.ico">
      <Filter>Resource Files</Filter>
    </Image>
    <Image Include="DirectX11.ico">
      <Filter>Resource Files</Filter>
    </Image>
  </ItemGroup>
  <ItemGroup>
    <FxCompile Include="DebugPixelShader.hlsl">
      <Filter>Shaders</Filter>
    </FxCompile>
    <FxCompile Include="DebugVertexShader.hlsl">
      <Filter>Shaders</Filter>
    </FxCompile>
    <FxCompile Include="PixelShader.hlsl">
      <Filter>Shaders</Filter>
    </FxCompile>
    <FxCompile Include="VertexShader.hlsl">
      <Filter>Shaders</Filter>
    </FxCompile>
    <FxCompile Include="DebugModelVertexShader.hlsl">
      <Filter>Shaders</Filter>
    </FxCompile>
    <FxCompile Include="DebugModelPixelShader.hlsl">
      <Filter>Shaders</Filter>
    </FxCompile>
  </ItemGroup>
</Project>